
Microsoft Visual Studio Solution File, Format Version 12.00
# Visual Studio Version 17
VisualStudioVersion = 17.2.32516.85
MinimumVisualStudioVersion = 10.0.40219.1
Project("{9A19103F-16F7-4668-BE54-9A1E7A4F7556}") = "AttributeJson", "AttributeJson.csproj", "{E8D631FF-C0BC-4ABF-875B-F7FBA41FED48}"
EndProject
Global
	GlobalSection(SolutionConfigurationPlatforms) = preSolution
		Debug|Any CPU = Debug|Any CPU
		Release|Any CPU = Release|Any CPU
	EndGlobalSection
	GlobalSection(ProjectConfigurationPlatforms) = postSolution
		{E8D631FF-C0BC-4ABF-875B-F7FBA41FED48}.Debug|Any CPU.ActiveCfg = Debug|Any CPU
		{E8D631FF-C0BC-4ABF-875B-F7FBA41FED48}.Debug|Any CPU.Build.0 = Debug|Any CPU
		{E8D631FF-C0BC-4ABF-875B-F7FBA41FED48}.Release|Any CPU.ActiveCfg = Release|Any CPU
		{E8D631FF-C0BC-4ABF-875B-F7FBA41FED48}.Release|Any CPU.Build.0 = Release|Any CPU
	EndGlobalSection
	GlobalSection(SolutionProperties) = preSolution
		HideSolutionNode = FALSE
	EndGlobalSection
	GlobalSection(ExtensibilityGlobals) = postSolution
		SolutionGuid = {51FC09AE-4C09-4759-A36A-490A3E27FDB1}
	EndGlobalSection
EndGlobal
